
Microsoft Visual Studio Solution File, Format Version 12.00
# Visual Studio Version 16
VisualStudioVersion = 16.0.30413.136
MinimumVisualStudioVersion = 10.0.40219.1
Project("{9A19103F-16F7-4668-BE54-9A1E7A4F7556}") = "Participations", "Participations\Participations.csproj", "{3D063411-EBB2-4371-8C9B-73B959FAFE63}"
EndProject
Project("{9A19103F-16F7-4668-BE54-9A1E7A4F7556}") = "SumOf3_Participation", "SumOf3_Participation\SumOf3_Participation.csproj", "{9AB7B1E5-E31B-49AF-8E36-BB59E81EF361}"
EndProject
Project("{9A19103F-16F7-4668-BE54-9A1E7A4F7556}") = "Conditional_FizzBuzz", "Conditional_FizzBuzz\Conditional_FizzBuzz.csproj", "{BE7F5E0A-51CF-44F2-B777-29898A26386D}"
EndProject
Project("{9A19103F-16F7-4668-BE54-9A1E7A4F7556}") = "Conditional_CoinToss", "Conditional_CoinToss\Conditional_CoinToss.csproj", "{89B64BF2-B98D-4B64-BE20-A1189701F446}"
EndProject
Project("{FAE04EC0-301F-11D3-BF4B-00C04F79EFBC}") = "RandomGuess", "Loops-RandomGuess\RandomGuess.csproj", "{A9B384D9-B225-4E08-BD28-521A998DE561}"
EndProject
Project("{FAE04EC0-301F-11D3-BF4B-00C04F79EFBC}") = "StringManipulation", "StringManipulation\StringManipulation.csproj", "{1C96829D-C256-455E-A28D-DEF4A39EB36A}"
EndProject
Project("{9A19103F-16F7-4668-BE54-9A1E7A4F7556}") = "quiz", "quiz\quiz.csproj", "{8A4327D3-9DFE-4681-AF2D-DF28912D8CC0}"
EndProject
Project("{9A19103F-16F7-4668-BE54-9A1E7A4F7556}") = "Collections_Min_Max_Avg", "Collections_Min_Max_Avg\Collections_Min_Max_Avg.csproj", "{72B76E1D-A5A0-47F4-986D-824531E88F8C}"
EndProject
Project("{9A19103F-16F7-4668-BE54-9A1E7A4F7556}") = "ProcessingACSVFile", "ProcessingACSVFile\ProcessingACSVFile.csproj", "{16B30F1D-1823-4C73-A88A-595224FD76C9}"
EndProject
Project("{FAE04EC0-301F-11D3-BF4B-00C04F79EFBC}") = "ProcessingACSVFile-2", "ProcessingACSVFile-2\ProcessingACSVFile-2.csproj", "{EE6432DB-D8E5-471E-B63E-B9BF32622EAC}"
EndProject
Global
	GlobalSection(SolutionConfigurationPlatforms) = preSolution
		Debug|Any CPU = Debug|Any CPU
		Release|Any CPU = Release|Any CPU
	EndGlobalSection
	GlobalSection(ProjectConfigurationPlatforms) = postSolution
		{3D063411-EBB2-4371-8C9B-73B959FAFE63}.Debug|Any CPU.ActiveCfg = Debug|Any CPU
		{3D063411-EBB2-4371-8C9B-73B959FAFE63}.Debug|Any CPU.Build.0 = Debug|Any CPU
		{3D063411-EBB2-4371-8C9B-73B959FAFE63}.Release|Any CPU.ActiveCfg = Release|Any CPU
		{3D063411-EBB2-4371-8C9B-73B959FAFE63}.Release|Any CPU.Build.0 = Release|Any CPU
		{9AB7B1E5-E31B-49AF-8E36-BB59E81EF361}.Debug|Any CPU.ActiveCfg = Debug|Any CPU
		{9AB7B1E5-E31B-49AF-8E36-BB59E81EF361}.Debug|Any CPU.Build.0 = Debug|Any CPU
		{9AB7B1E5-E31B-49AF-8E36-BB59E81EF361}.Release|Any CPU.ActiveCfg = Release|Any CPU
		{9AB7B1E5-E31B-49AF-8E36-BB59E81EF361}.Release|Any CPU.Build.0 = Release|Any CPU
		{BE7F5E0A-51CF-44F2-B777-29898A26386D}.Debug|Any CPU.ActiveCfg = Debug|Any CPU
		{BE7F5E0A-51CF-44F2-B777-29898A26386D}.Debug|Any CPU.Build.0 = Debug|Any CPU
		{BE7F5E0A-51CF-44F2-B777-29898A26386D}.Release|Any CPU.ActiveCfg = Release|Any CPU
		{BE7F5E0A-51CF-44F2-B777-29898A26386D}.Release|Any CPU.Build.0 = Release|Any CPU
		{89B64BF2-B98D-4B64-BE20-A1189701F446}.Debug|Any CPU.ActiveCfg = Debug|Any CPU
		{89B64BF2-B98D-4B64-BE20-A1189701F446}.Debug|Any CPU.Build.0 = Debug|Any CPU
		{89B64BF2-B98D-4B64-BE20-A1189701F446}.Release|Any CPU.ActiveCfg = Release|Any CPU
		{89B64BF2-B98D-4B64-BE20-A1189701F446}.Release|Any CPU.Build.0 = Release|Any CPU
		{A9B384D9-B225-4E08-BD28-521A998DE561}.Debug|Any CPU.ActiveCfg = Debug|Any CPU
		{A9B384D9-B225-4E08-BD28-521A998DE561}.Debug|Any CPU.Build.0 = Debug|Any CPU
		{A9B384D9-B225-4E08-BD28-521A998DE561}.Release|Any CPU.ActiveCfg = Release|Any CPU
		{A9B384D9-B225-4E08-BD28-521A998DE561}.Release|Any CPU.Build.0 = Release|Any CPU
		{1C96829D-C256-455E-A28D-DEF4A39EB36A}.Debug|Any CPU.ActiveCfg = Debug|Any CPU
		{1C96829D-C256-455E-A28D-DEF4A39EB36A}.Debug|Any CPU.Build.0 = Debug|Any CPU
		{1C96829D-C256-455E-A28D-DEF4A39EB36A}.Release|Any CPU.ActiveCfg = Release|Any CPU
		{1C96829D-C256-455E-A28D-DEF4A39EB36A}.Release|Any CPU.Build.0 = Release|Any CPU
		{8A4327D3-9DFE-4681-AF2D-DF28912D8CC0}.Debug|Any CPU.ActiveCfg = Debug|Any CPU
		{8A4327D3-9DFE-4681-AF2D-DF28912D8CC0}.Debug|Any CPU.Build.0 = Debug|Any CPU
		{8A4327D3-9DFE-4681-AF2D-DF28912D8CC0}.Release|Any CPU.ActiveCfg = Release|Any CPU
		{8A4327D3-9DFE-4681-AF2D-DF28912D8CC0}.Release|Any CPU.Build.0 = Release|Any CPU
		{72B76E1D-A5A0-47F4-986D-824531E88F8C}.Debug|Any CPU.ActiveCfg = Debug|Any CPU
		{72B76E1D-A5A0-47F4-986D-824531E88F8C}.Debug|Any CPU.Build.0 = Debug|Any CPU
		{72B76E1D-A5A0-47F4-986D-824531E88F8C}.Release|Any CPU.ActiveCfg = Release|Any CPU
		{72B76E1D-A5A0-47F4-986D-824531E88F8C}.Release|Any CPU.Build.0 = Release|Any CPU
		{16B30F1D-1823-4C73-A88A-595224FD76C9}.Debug|Any CPU.ActiveCfg = Debug|Any CPU
		{16B30F1D-1823-4C73-A88A-595224FD76C9}.Debug|Any CPU.Build.0 = Debug|Any CPU
		{16B30F1D-1823-4C73-A88A-595224FD76C9}.Release|Any CPU.ActiveCfg = Release|Any CPU
		{16B30F1D-1823-4C73-A88A-595224FD76C9}.Release|Any CPU.Build.0 = Release|Any CPU
		{EE6432DB-D8E5-471E-B63E-B9BF32622EAC}.Debug|Any CPU.ActiveCfg = Debug|Any CPU
		{EE6432DB-D8E5-471E-B63E-B9BF32622EAC}.Debug|Any CPU.Build.0 = Debug|Any CPU
		{EE6432DB-D8E5-471E-B63E-B9BF32622EAC}.Release|Any CPU.ActiveCfg = Release|Any CPU
		{EE6432DB-D8E5-471E-B63E-B9BF32622EAC}.Release|Any CPU.Build.0 = Release|Any CPU
	EndGlobalSection
	GlobalSection(SolutionProperties) = preSolution
		HideSolutionNode = FALSE
	EndGlobalSection
	GlobalSection(ExtensibilityGlobals) = postSolution
		SolutionGuid = {2399654B-4867-47B9-9B4A-A41F75079A78}
	EndGlobalSection
EndGlobal
